
Microsoft Visual Studio Solution File, Format Version 12.00
# Visual Studio Version 17
VisualStudioVersion = 17.0.31903.59
MinimumVisualStudioVersion = 10.0.40219.1
Project("{FAE04EC0-301F-11D3-BF4B-00C04F79EFBC}") = "telMain", "telMain\telMain.csproj", "{113E34AB-E32B-4D32-B991-980473CCDA52}"
EndProject
Project("{FAE04EC0-301F-11D3-BF4B-00C04F79EFBC}") = "NetTel", "NetTel\NetTel.csproj", "{97C8ABB9-C21E-412B-BC39-CA5779B436A7}"
EndProject
Global
	GlobalSection(SolutionConfigurationPlatforms) = preSolution
		Debug|Any CPU = Debug|Any CPU
		Release|Any CPU = Release|Any CPU
	EndGlobalSection
	GlobalSection(SolutionProperties) = preSolution
		HideSolutionNode = FALSE
	EndGlobalSection
	GlobalSection(ProjectConfigurationPlatforms) = postSolution
		{113E34AB-E32B-4D32-B991-980473CCDA52}.Debug|Any CPU.ActiveCfg = Debug|Any CPU
		{113E34AB-E32B-4D32-B991-980473CCDA52}.Debug|Any CPU.Build.0 = Debug|Any CPU
		{113E34AB-E32B-4D32-B991-980473CCDA52}.Release|Any CPU.ActiveCfg = Release|Any CPU
		{113E34AB-E32B-4D32-B991-980473CCDA52}.Release|Any CPU.Build.0 = Release|Any CPU
		{97C8ABB9-C21E-412B-BC39-CA5779B436A7}.Debug|Any CPU.ActiveCfg = Debug|Any CPU
		{97C8ABB9-C21E-412B-BC39-CA5779B436A7}.Debug|Any CPU.Build.0 = Debug|Any CPU
		{97C8ABB9-C21E-412B-BC39-CA5779B436A7}.Release|Any CPU.ActiveCfg = Release|Any CPU
		{97C8ABB9-C21E-412B-BC39-CA5779B436A7}.Release|Any CPU.Build.0 = Release|Any CPU
	EndGlobalSection
EndGlobal
